{
  "name": "CSIT314",
  "lockfileVersion": 3,
  "requires": true,
  "packages": {
    "": {
      "dependencies": {
        "@heroicons/react": "^2.0.17",
        "date-fns": "^2.30.0",
        "react-icons": "^4.8.0"
      },
      "devDependencies": {
        "style-loader": "^3.3.2"
      }
    },
    "node_modules/@babel/runtime": {
      "version": "7.21.5",
      "resolved": "https://registry.npmjs.org/@babel/runtime/-/runtime-7.21.5.tgz",
      "integrity": "sha512-8jI69toZqqcsnqGGqwGS4Qb1VwLOEp4hz+CXPywcvjs60u3B4Pom/U/7rm4W8tMOYEB+E9wgD0mW1l3r8qlI9Q==",
      "dependencies": {
        "regenerator-runtime": "^0.13.11"
      },
      "engines": {
        "node": ">=6.9.0"
      }
    },
    "node_modules/@heroicons/react": {
      "version": "2.0.17",
      "resolved": "https://registry.npmjs.org/@heroicons/react/-/react-2.0.17.tgz",
      "integrity": "sha512-90GMZktkA53YbNzHp6asVEDevUQCMtxWH+2UK2S8OpnLEu7qckTJPhNxNQG52xIR1WFTwFqtH6bt7a60ZNcLLA==",
      "peerDependencies": {
        "react": ">= 16"
      }
    },
    "node_modules/date-fns": {
      "version": "2.30.0",
      "resolved": "https://registry.npmjs.org/date-fns/-/date-fns-2.30.0.tgz",
      "integrity": "sha512-fnULvOpxnC5/Vg3NCiWelDsLiUc9bRwAPs/+LfTLNvetFCtCTN+yQz15C/fs4AwX1R9K5GLtLfn8QW+dWisaAw==",
      "dependencies": {
        "@babel/runtime": "^7.21.0"
      },
      "engines": {
        "node": ">=0.11"
      },
      "funding": {
        "type": "opencollective",
        "url": "https://opencollective.com/date-fns"
      }
    },
    "node_modules/react-icons": {
      "version": "4.8.0",
      "resolved": "https://registry.npmjs.org/react-icons/-/react-icons-4.8.0.tgz",
      "integrity": "sha512-N6+kOLcihDiAnj5Czu637waJqSnwlMNROzVZMhfX68V/9bu9qHaMIJC4UdozWoOk57gahFCNHwVvWzm0MTzRjg==",
      "peerDependencies": {
        "react": "*"
      }
    },
    "node_modules/regenerator-runtime": {
      "version": "0.13.11",
      "resolved": "https://registry.npmjs.org/regenerator-runtime/-/regenerator-runtime-0.13.11.tgz",
      "integrity": "sha512-kY1AZVr2Ra+t+piVaJ4gxaFaReZVH40AKNo7UCX6W+dEwBo/2oZJzqfuN1qLq1oL45o56cPaTXELwrTh8Fpggg=="
    },
    "node_modules/style-loader": {
      "version": "3.3.2",
      "resolved": "https://registry.npmjs.org/style-loader/-/style-loader-3.3.2.tgz",
      "integrity": "sha512-RHs/vcrKdQK8wZliteNK4NKzxvLBzpuHMqYmUVWeKa6MkaIQ97ZTOS0b+zapZhy6GcrgWnvWYCMHRirC3FsUmw==",
      "dev": true,
      "engines": {
        "node": ">= 12.13.0"
      },
      "funding": {
        "type": "opencollective",
        "url": "https://opencollective.com/webpack"
      },
      "peerDependencies": {
        "webpack": "^5.0.0"
      }
    }
  }
}
